
Microsoft Visual Studio Solution File, Format Version 12.00
# Visual Studio Version 17
VisualStudioVersion = 17.9.34728.123
MinimumVisualStudioVersion = 10.0.40219.1
Project("{9A19103F-16F7-4668-BE54-9A1E7A4F7556}") = "Common", "Common\Common.csproj", "{9A8150AB-BA43-4EBE-8704-6810C6FFE288}"
EndProject
Project("{2150E333-8FDC-42A3-9474-1A3956D46DE8}") = "ModuleLampRoom", "ModuleLampRoom", "{F9432558-B440-4B58-927E-32A8206362CF}"
EndProject
Project("{2150E333-8FDC-42A3-9474-1A3956D46DE8}") = "ModuleLamps", "ModuleLamps", "{1BEC5445-785E-433A-94DE-0405E33C0E79}"
EndProject
Project("{9A19103F-16F7-4668-BE54-9A1E7A4F7556}") = "Contracts", "Contracts\Contracts.csproj", "{E6C1B129-2558-4C6C-A15B-3C910DF69575}"
EndProject
Project("{2150E333-8FDC-42A3-9474-1A3956D46DE8}") = "ModulePersons", "ModulePersons", "{51762299-B2DB-4029-9438-3640108E4BB9}"
EndProject
Project("{9A19103F-16F7-4668-BE54-9A1E7A4F7556}") = "ModulePersons", "ModulePersons\ModulePersons.csproj", "{244A35C4-8333-4342-A62B-EDB2A419798F}"
	ProjectSection(ProjectDependencies) = postProject
		{77DDEF28-67C2-4BAB-9DCE-0A26B7BFDD64} = {77DDEF28-67C2-4BAB-9DCE-0A26B7BFDD64}
	EndProjectSection
EndProject
Project("{9A19103F-16F7-4668-BE54-9A1E7A4F7556}") = "ModulePersons.API", "ModulePersons.API\ModulePersons.API.csproj", "{77DDEF28-67C2-4BAB-9DCE-0A26B7BFDD64}"
EndProject
Project("{9A19103F-16F7-4668-BE54-9A1E7A4F7556}") = "GRPCGateway", "GRPCGateway\GRPCGateway.csproj", "{8B8E6947-164B-4163-B2DB-C0B8E95CD49B}"
	ProjectSection(ProjectDependencies) = postProject
		{244A35C4-8333-4342-A62B-EDB2A419798F} = {244A35C4-8333-4342-A62B-EDB2A419798F}
	EndProjectSection
EndProject
Project("{9A19103F-16F7-4668-BE54-9A1E7A4F7556}") = "Model", "Model\Model.csproj", "{CA204A3A-4620-4F19-BE14-2860C1FA39A7}"
EndProject
Project("{2150E333-8FDC-42A3-9474-1A3956D46DE8}") = "Comm", "Comm", "{18C7AA39-05B2-4B88-9166-94C2C18C867F}"
EndProject
Project("{9A19103F-16F7-4668-BE54-9A1E7A4F7556}") = "ModuleLampRoom.API", "ModuleLampRoom.API\ModuleLampRoom.API.csproj", "{D1BC1E6B-C79B-4D52-B47B-C55FD222C888}"
EndProject
Project("{9A19103F-16F7-4668-BE54-9A1E7A4F7556}") = "ModuleLampRoom", "ModuleLampRoom\ModuleLampRoom.csproj", "{83905402-8D27-493B-A93A-788F6C579DB1}"
EndProject
Project("{9A19103F-16F7-4668-BE54-9A1E7A4F7556}") = "ModuleLamps", "ModuleLamps\ModuleLamps.csproj", "{41938266-367A-4269-8339-9486F2C70DEA}"
EndProject
Project("{9A19103F-16F7-4668-BE54-9A1E7A4F7556}") = "ModuleLamps.API", "ModuleLamps.API\ModuleLamps.API.csproj", "{C15AA9C8-7908-47D7-A836-A01C57301ACC}"
EndProject
Global
	GlobalSection(SolutionConfigurationPlatforms) = preSolution
		Debug|Any CPU = Debug|Any CPU
		Release|Any CPU = Release|Any CPU
	EndGlobalSection
	GlobalSection(ProjectConfigurationPlatforms) = postSolution
		{9A8150AB-BA43-4EBE-8704-6810C6FFE288}.Debug|Any CPU.ActiveCfg = Debug|Any CPU
		{9A8150AB-BA43-4EBE-8704-6810C6FFE288}.Debug|Any CPU.Build.0 = Debug|Any CPU
		{9A8150AB-BA43-4EBE-8704-6810C6FFE288}.Release|Any CPU.ActiveCfg = Release|Any CPU
		{9A8150AB-BA43-4EBE-8704-6810C6FFE288}.Release|Any CPU.Build.0 = Release|Any CPU
		{E6C1B129-2558-4C6C-A15B-3C910DF69575}.Debug|Any CPU.ActiveCfg = Debug|Any CPU
		{E6C1B129-2558-4C6C-A15B-3C910DF69575}.Debug|Any CPU.Build.0 = Debug|Any CPU
		{E6C1B129-2558-4C6C-A15B-3C910DF69575}.Release|Any CPU.ActiveCfg = Release|Any CPU
		{E6C1B129-2558-4C6C-A15B-3C910DF69575}.Release|Any CPU.Build.0 = Release|Any CPU
		{244A35C4-8333-4342-A62B-EDB2A419798F}.Debug|Any CPU.ActiveCfg = Debug|Any CPU
		{244A35C4-8333-4342-A62B-EDB2A419798F}.Debug|Any CPU.Build.0 = Debug|Any CPU
		{244A35C4-8333-4342-A62B-EDB2A419798F}.Release|Any CPU.ActiveCfg = Release|Any CPU
		{244A35C4-8333-4342-A62B-EDB2A419798F}.Release|Any CPU.Build.0 = Release|Any CPU
		{77DDEF28-67C2-4BAB-9DCE-0A26B7BFDD64}.Debug|Any CPU.ActiveCfg = Debug|Any CPU
		{77DDEF28-67C2-4BAB-9DCE-0A26B7BFDD64}.Debug|Any CPU.Build.0 = Debug|Any CPU
		{77DDEF28-67C2-4BAB-9DCE-0A26B7BFDD64}.Release|Any CPU.ActiveCfg = Release|Any CPU
		{77DDEF28-67C2-4BAB-9DCE-0A26B7BFDD64}.Release|Any CPU.Build.0 = Release|Any CPU
		{8B8E6947-164B-4163-B2DB-C0B8E95CD49B}.Debug|Any CPU.ActiveCfg = Debug|Any CPU
		{8B8E6947-164B-4163-B2DB-C0B8E95CD49B}.Debug|Any CPU.Build.0 = Debug|Any CPU
		{8B8E6947-164B-4163-B2DB-C0B8E95CD49B}.Release|Any CPU.ActiveCfg = Release|Any CPU
		{8B8E6947-164B-4163-B2DB-C0B8E95CD49B}.Release|Any CPU.Build.0 = Release|Any CPU
		{CA204A3A-4620-4F19-BE14-2860C1FA39A7}.Debug|Any CPU.ActiveCfg = Debug|Any CPU
		{CA204A3A-4620-4F19-BE14-2860C1FA39A7}.Debug|Any CPU.Build.0 = Debug|Any CPU
		{CA204A3A-4620-4F19-BE14-2860C1FA39A7}.Release|Any CPU.ActiveCfg = Release|Any CPU
		{CA204A3A-4620-4F19-BE14-2860C1FA39A7}.Release|Any CPU.Build.0 = Release|Any CPU
		{D1BC1E6B-C79B-4D52-B47B-C55FD222C888}.Debug|Any CPU.ActiveCfg = Debug|Any CPU
		{D1BC1E6B-C79B-4D52-B47B-C55FD222C888}.Debug|Any CPU.Build.0 = Debug|Any CPU
		{D1BC1E6B-C79B-4D52-B47B-C55FD222C888}.Release|Any CPU.ActiveCfg = Release|Any CPU
		{D1BC1E6B-C79B-4D52-B47B-C55FD222C888}.Release|Any CPU.Build.0 = Release|Any CPU
		{83905402-8D27-493B-A93A-788F6C579DB1}.Debug|Any CPU.ActiveCfg = Debug|Any CPU
		{83905402-8D27-493B-A93A-788F6C579DB1}.Debug|Any CPU.Build.0 = Debug|Any CPU
		{83905402-8D27-493B-A93A-788F6C579DB1}.Release|Any CPU.ActiveCfg = Release|Any CPU
		{83905402-8D27-493B-A93A-788F6C579DB1}.Release|Any CPU.Build.0 = Release|Any CPU
		{41938266-367A-4269-8339-9486F2C70DEA}.Debug|Any CPU.ActiveCfg = Debug|Any CPU
		{41938266-367A-4269-8339-9486F2C70DEA}.Debug|Any CPU.Build.0 = Debug|Any CPU
		{41938266-367A-4269-8339-9486F2C70DEA}.Release|Any CPU.ActiveCfg = Release|Any CPU
		{41938266-367A-4269-8339-9486F2C70DEA}.Release|Any CPU.Build.0 = Release|Any CPU
		{C15AA9C8-7908-47D7-A836-A01C57301ACC}.Debug|Any CPU.ActiveCfg = Debug|Any CPU
		{C15AA9C8-7908-47D7-A836-A01C57301ACC}.Debug|Any CPU.Build.0 = Debug|Any CPU
		{C15AA9C8-7908-47D7-A836-A01C57301ACC}.Release|Any CPU.ActiveCfg = Release|Any CPU
		{C15AA9C8-7908-47D7-A836-A01C57301ACC}.Release|Any CPU.Build.0 = Release|Any CPU
	EndGlobalSection
	GlobalSection(SolutionProperties) = preSolution
		HideSolutionNode = FALSE
	EndGlobalSection
	GlobalSection(NestedProjects) = preSolution
		{9A8150AB-BA43-4EBE-8704-6810C6FFE288} = {18C7AA39-05B2-4B88-9166-94C2C18C867F}
		{E6C1B129-2558-4C6C-A15B-3C910DF69575} = {18C7AA39-05B2-4B88-9166-94C2C18C867F}
		{244A35C4-8333-4342-A62B-EDB2A419798F} = {51762299-B2DB-4029-9438-3640108E4BB9}
		{77DDEF28-67C2-4BAB-9DCE-0A26B7BFDD64} = {51762299-B2DB-4029-9438-3640108E4BB9}
		{CA204A3A-4620-4F19-BE14-2860C1FA39A7} = {18C7AA39-05B2-4B88-9166-94C2C18C867F}
		{D1BC1E6B-C79B-4D52-B47B-C55FD222C888} = {F9432558-B440-4B58-927E-32A8206362CF}
		{83905402-8D27-493B-A93A-788F6C579DB1} = {F9432558-B440-4B58-927E-32A8206362CF}
		{41938266-367A-4269-8339-9486F2C70DEA} = {1BEC5445-785E-433A-94DE-0405E33C0E79}
		{C15AA9C8-7908-47D7-A836-A01C57301ACC} = {1BEC5445-785E-433A-94DE-0405E33C0E79}
	EndGlobalSection
	GlobalSection(ExtensibilityGlobals) = postSolution
		SolutionGuid = {DA564551-96CC-4364-954A-99E05808CD47}
	EndGlobalSection
EndGlobal
